// !$*UTF8*$!
{
	archiveVersion = 1;
	classes = {
	};
	objectVersion = 50;
	objects = {

/* Begin PBXBuildFile section */
		500E20FA25E6D73A005F3C79 /* AppDelegate.swift in Sources */ = {isa = PBXBuildFile; fileRef = 500E20F925E6D73A005F3C79 /* AppDelegate.swift */; };
		500E20FC25E6D73A005F3C79 /* SceneDelegate.swift in Sources */ = {isa = PBXBuildFile; fileRef = 500E20FB25E6D73A005F3C79 /* SceneDelegate.swift */; };
		500E210125E6D73A005F3C79 /* Main.storyboard in Resources */ = {isa = PBXBuildFile; fileRef = 500E20FF25E6D73A005F3C79 /* Main.storyboard */; };
		500E210325E6D743005F3C79 /* Assets.xcassets in Resources */ = {isa = PBXBuildFile; fileRef = 500E210225E6D743005F3C79 /* Assets.xcassets */; };
		500E210625E6D743005F3C79 /* LaunchScreen.storyboard in Resources */ = {isa = PBXBuildFile; fileRef = 500E210425E6D743005F3C79 /* LaunchScreen.storyboard */; };
		500E211125E6D744005F3C79 /* ColorsTests.swift in Sources */ = {isa = PBXBuildFile; fileRef = 500E211025E6D744005F3C79 /* ColorsTests.swift */; };
		500E211C25E6D744005F3C79 /* ColorsUITests.swift in Sources */ = {isa = PBXBuildFile; fileRef = 500E211B25E6D744005F3C79 /* ColorsUITests.swift */; };
		500E213025E7436B005F3C79 /* ColorsViewController.swift in Sources */ = {isa = PBXBuildFile; fileRef = 500E212F25E7436B005F3C79 /* ColorsViewController.swift */; };
		50F1B86D25FA9E8B00E9D768 /* colors.swift in Sources */ = {isa = PBXBuildFile; fileRef = 50F1B86C25FA9E8B00E9D768 /* colors.swift */; };
		50F1B88A25FAA66C00E9D768 /* DetailsViewController.swift in Sources */ = {isa = PBXBuildFile; fileRef = 50F1B88925FAA66C00E9D768 /* DetailsViewController.swift */; };
/* End PBXBuildFile section */

/* Begin PBXContainerItemProxy section */
		500E210D25E6D744005F3C79 /* PBXContainerItemProxy */ = {
			isa = PBXContainerItemProxy;
			containerPortal = 500E20EE25E6D73A005F3C79 /* Project object */;
			proxyType = 1;
			remoteGlobalIDString = 500E20F525E6D73A005F3C79;
			remoteInfo = Colors;
		};
		500E211825E6D744005F3C79 /* PBXContainerItemProxy */ = {
			isa = PBXContainerItemProxy;
			containerPortal = 500E20EE25E6D73A005F3C79 /* Project object */;
			proxyType = 1;
			remoteGlobalIDString = 500E20F525E6D73A005F3C79;
			remoteInfo = Colors;
		};
/* End PBXContainerItemProxy section */

/* Begin PBXFileReference section */
		500E20F625E6D73A005F3C79 /* Colors.app */ = {isa = PBXFileReference; explicitFileType = wrapper.application; includeInIndex = 0; path = Colors.app; sourceTree = BUILT_PRODUCTS_DIR; };
		500E20F925E6D73A005F3C79 /* AppDelegate.swift */ = {isa = PBXFileReference; lastKnownFileType = sourcecode.swift; path = AppDelegate.swift; sourceTree = "<group>"; };
		500E20FB25E6D73A005F3C79 /* SceneDelegate.swift */ = {isa = PBXFileReference; lastKnownFileType = sourcecode.swift; path = SceneDelegate.swift; sourceTree = "<group>"; };
		500E210025E6D73A005F3C79 /* Base */ = {isa = PBXFileReference; lastKnownFileType = file.storyboard; name = Base; path = Base.lproj/Main.storyboard; sourceTree = "<group>"; };
		500E210225E6D743005F3C79 /* Assets.xcassets */ = {isa = PBXFileReference; lastKnownFileType = folder.assetcatalog; path = Assets.xcassets; sourceTree = "<group>"; };
		500E210525E6D743005F3C79 /* Base */ = {isa = PBXFileReference; lastKnownFileType = file.storyboard; name = Base; path = Base.lproj/LaunchScreen.storyboard; sourceTree = "<group>"; };
		500E210725E6D743005F3C79 /* Info.plist */ = {isa = PBXFileReference; lastKnownFileType = text.plist.xml; path = Info.plist; sourceTree = "<group>"; };
		500E210C25E6D744005F3C79 /* ColorsTests.xctest */ = {isa = PBXFileReference; explicitFileType = wrapper.cfbundle; includeInIndex = 0; path = ColorsTests.xctest; sourceTree = BUILT_PRODUCTS_DIR; };
		500E211025E6D744005F3C79 /* ColorsTests.swift */ = {isa = PBXFileReference; lastKnownFileType = sourcecode.swift; path = ColorsTests.swift; sourceTree = "<group>"; };
		500E211225E6D744005F3C79 /* Info.plist */ = {isa = PBXFileReference; lastKnownFileType = text.plist.xml; path = Info.plist; sourceTree = "<group>"; };
		500E211725E6D744005F3C79 /* ColorsUITests.xctest */ = {isa = PBXFileReference; explicitFileType = wrapper.cfbundle; includeInIndex = 0; path = ColorsUITests.xctest; sourceTree = BUILT_PRODUCTS_DIR; };
		500E211B25E6D744005F3C79 /* ColorsUITests.swift */ = {isa = PBXFileReference; lastKnownFileType = sourcecode.swift; path = ColorsUITests.swift; sourceTree = "<group>"; };
		500E211D25E6D744005F3C79 /* Info.plist */ = {isa = PBXFileReference; lastKnownFileType = text.plist.xml; path = Info.plist; sourceTree = "<group>"; };
		500E212F25E7436B005F3C79 /* ColorsViewController.swift */ = {isa = PBXFileReference; lastKnownFileType = sourcecode.swift; path = ColorsViewController.swift; sourceTree = "<group>"; };
		50F1B86C25FA9E8B00E9D768 /* colors.swift */ = {isa = PBXFileReference; lastKnownFileType = sourcecode.swift; path = colors.swift; sourceTree = "<group>"; };
		50F1B88925FAA66C00E9D768 /* DetailsViewController.swift */ = {isa = PBXFileReference; lastKnownFileType = sourcecode.swift; path = DetailsViewController.swift; sourceTree = "<group>"; };
/* End PBXFileReference section */

/* Begin PBXFrameworksBuildPhase section */
		500E20F325E6D73A005F3C79 /* Frameworks */ = {
			isa = PBXFrameworksBuildPhase;
			buildActionMask = 2147483647;
			files = (
			);
			runOnlyForDeploymentPostprocessing = 0;
		};
		500E210925E6D744005F3C79 /* Frameworks */ = {
			isa = PBXFrameworksBuildPhase;
			buildActionMask = 2147483647;
			files = (
			);
			runOnlyForDeploymentPostprocessing = 0;
		};
		500E211425E6D744005F3C79 /* Frameworks */ = {
			isa = PBXFrameworksBuildPhase;
			buildActionMask = 2147483647;
			files = (
			);
			runOnlyForDeploymentPostprocessing = 0;
		};
/* End PBXFrameworksBuildPhase section */

/* Begin PBXGroup section */
		500E20ED25E6D73A005F3C79 = {
			isa = PBXGroup;
			children = (
				500E20F825E6D73A005F3C79 /* Colors */,
				500E210F25E6D744005F3C79 /* ColorsTests */,
				500E211A25E6D744005F3C79 /* ColorsUITests */,
				500E20F725E6D73A005F3C79 /* Products */,
			);
			sourceTree = "<group>";
		};
		500E20F725E6D73A005F3C79 /* Products */ = {
			isa = PBXGroup;
			children = (
				500E20F625E6D73A005F3C79 /* Colors.app */,
				500E210C25E6D744005F3C79 /* ColorsTests.xctest */,
				500E211725E6D744005F3C79 /* ColorsUITests.xctest */,
			);
			name = Products;
			sourceTree = "<group>";
		};
		500E20F825E6D73A005F3C79 /* Colors */ = {
			isa = PBXGroup;
			children = (
				500E20F925E6D73A005F3C79 /* AppDelegate.swift */,
				500E20FB25E6D73A005F3C79 /* SceneDelegate.swift */,
				500E212F25E7436B005F3C79 /* ColorsViewController.swift */,
				500E20FF25E6D73A005F3C79 /* Main.storyboard */,
				500E210225E6D743005F3C79 /* Assets.xcassets */,
				500E210425E6D743005F3C79 /* LaunchScreen.storyboard */,
				500E210725E6D743005F3C79 /* Info.plist */,
				50F1B86C25FA9E8B00E9D768 /* colors.swift */,
				50F1B88925FAA66C00E9D768 /* DetailsViewController.swift */,
			);
			path = Colors;
			sourceTree = "<group>";
		};
		500E210F25E6D744005F3C79 /* ColorsTests */ = {
			isa = PBXGroup;
			children = (
				500E211025E6D744005F3C79 /* ColorsTests.swift */,
				500E211225E6D744005F3C79 /* Info.plist */,
			);
			path = ColorsTests;
			sourceTree = "<group>";
		};
		500E211A25E6D744005F3C79 /* ColorsUITests */ = {
			isa = PBXGroup;
			children = (
				500E211B25E6D744005F3C79 /* ColorsUITests.swift */,
				500E211D25E6D744005F3C79 /* Info.plist */,
			);
			path = ColorsUITests;
			sourceTree = "<group>";
		};
/* End PBXGroup section */

/* Begin PBXNativeTarget section */
		500E20F525E6D73A005F3C79 /* Colors */ = {
			isa = PBXNativeTarget;
			buildConfigurationList = 500E212025E6D744005F3C79 /* Build configuration list for PBXNativeTarget "Colors" */;
			buildPhases = (
				500E20F225E6D73A005F3C79 /* Sources */,
				500E20F325E6D73A005F3C79 /* Frameworks */,
				500E20F425E6D73A005F3C79 /* Resources */,
			);
			buildRules = (
			);
			dependencies = (
			);
			name = Colors;
			productName = Colors;
			productReference = 500E20F625E6D73A005F3C79 /* Colors.app */;
			productType = "com.apple.product-type.application";
		};
		500E210B25E6D744005F3C79 /* ColorsTests */ = {
			isa = PBXNativeTarget;
			buildConfigurationList = 500E212325E6D744005F3C79 /* Build configuration list for PBXNativeTarget "ColorsTests" */;
			buildPhases = (
				500E210825E6D744005F3C79 /* Sources */,
				500E210925E6D744005F3C79 /* Frameworks */,
				500E210A25E6D744005F3C79 /* Resources */,
			);
			buildRules = (
			);
			dependencies = (
				500E210E25E6D744005F3C79 /* PBXTargetDependency */,
			);
			name = ColorsTests;
			productName = ColorsTests;
			productReference = 500E210C25E6D744005F3C79 /* ColorsTests.xctest */;
			productType = "com.apple.product-type.bundle.unit-test";
		};
		500E211625E6D744005F3C79 /* ColorsUITests */ = {
			isa = PBXNativeTarget;
			buildConfigurationList = 500E212625E6D744005F3C79 /* Build configuration list for PBXNativeTarget "ColorsUITests" */;
			buildPhases = (
				500E211325E6D744005F3C79 /* Sources */,
				500E211425E6D744005F3C79 /* Frameworks */,
				500E211525E6D744005F3C79 /* Resources */,
			);
			buildRules = (
			);
			dependencies = (
				500E211925E6D744005F3C79 /* PBXTargetDependency */,
			);
			name = ColorsUITests;
			productName = ColorsUITests;
			productReference = 500E211725E6D744005F3C79 /* ColorsUITests.xctest */;
			productType = "com.apple.product-type.bundle.ui-testing";
		};
/* End PBXNativeTarget section */

/* Begin PBXProject section */
		500E20EE25E6D73A005F3C79 /* Project object */ = {
			isa = PBXProject;
			attributes = {
				LastSwiftUpdateCheck = 1240;
				LastUpgradeCheck = 1240;
				TargetAttributes = {
					500E20F525E6D73A005F3C79 = {
						CreatedOnToolsVersion = 12.4;
					};
					500E210B25E6D744005F3C79 = {
						CreatedOnToolsVersion = 12.4;
						TestTargetID = 500E20F525E6D73A005F3C79;
					};
					500E211625E6D744005F3C79 = {
						CreatedOnToolsVersion = 12.4;
						TestTargetID = 500E20F525E6D73A005F3C79;
					};
				};
			};
			buildConfigurationList = 500E20F125E6D73A005F3C79 /* Build configuration list for PBXProject "Colors" */;
			compatibilityVersion = "Xcode 9.3";
			developmentRegion = en;
			hasScannedForEncodings = 0;
			knownRegions = (
				en,
				Base,
			);
			mainGroup = 500E20ED25E6D73A005F3C79;
			productRefGroup = 500E20F725E6D73A005F3C79 /* Products */;
			projectDirPath = "";
			projectRoot = "";
			targets = (
				500E20F525E6D73A005F3C79 /* Colors */,
				500E210B25E6D744005F3C79 /* ColorsTests */,
				500E211625E6D744005F3C79 /* ColorsUITests */,
			);
		};
/* End PBXProject section */

/* Begin PBXResourcesBuildPhase section */
		500E20F425E6D73A005F3C79 /* Resources */ = {
			isa = PBXResourcesBuildPhase;
			buildActionMask = 2147483647;
			files = (
				500E210625E6D743005F3C79 /* LaunchScreen.storyboard in Resources */,
				500E210325E6D743005F3C79 /* Assets.xcassets in Resources */,
				500E210125E6D73A005F3C79 /* Main.storyboard in Resources */,
			);
			runOnlyForDeploymentPostprocessing = 0;
		};
		500E210A25E6D744005F3C79 /* Resources */ = {
			isa = PBXResourcesBuildPhase;
			buildActionMask = 2147483647;
			files = (
			);
			runOnlyForDeploymentPostprocessing = 0;
		};
		500E211525E6D744005F3C79 /* Resources */ = {
			isa = PBXResourcesBuildPhase;
			buildActionMask = 2147483647;
			files = (
			);
			runOnlyForDeploymentPostprocessing = 0;
		};
/* End PBXResourcesBuildPhase section */

/* Begin PBXSourcesBuildPhase section */
		500E20F225E6D73A005F3C79 /* Sources */ = {
			isa = PBXSourcesBuildPhase;
			buildActionMask = 2147483647;
			files = (
				500E20FA25E6D73A005F3C79 /* AppDelegate.swift in Sources */,
				50F1B86D25FA9E8B00E9D768 /* colors.swift in Sources */,
				500E213025E7436B005F3C79 /* ColorsViewController.swift in Sources */,
				500E20FC25E6D73A005F3C79 /* SceneDelegate.swift in Sources */,
				50F1B88A25FAA66C00E9D768 /* DetailsViewController.swift in Sources */,
			);
			runOnlyForDeploymentPostprocessing = 0;
		};
		500E210825E6D744005F3C79 /* Sources */ = {
			isa = PBXSourcesBuildPhase;
			buildActionMask = 2147483647;
			files = (
				500E211125E6D744005F3C79 /* ColorsTests.swift in Sources */,
			);
			runOnlyForDeploymentPostprocessing = 0;
		};
		500E211325E6D744005F3C79 /* Sources */ = {
			isa = PBXSourcesBuildPhase;
			buildActionMask = 2147483647;
			files = (
				500E211C25E6D744005F3C79 /* ColorsUITests.swift in Sources */,
			);
			runOnlyForDeploymentPostprocessing = 0;
		};
/* End PBXSourcesBuildPhase section */

/* Begin PBXTargetDependency section */
		500E210E25E6D744005F3C79 /* PBXTargetDependency */ = {
			isa = PBXTargetDependency;
			target = 500E20F525E6D73A005F3C79 /* Colors */;
			targetProxy = 500E210D25E6D744005F3C79 /* PBXContainerItemProxy */;
		};
		500E211925E6D744005F3C79 /* PBXTargetDependency */ = {
			isa = PBXTargetDependency;
			target = 500E20F525E6D73A005F3C79 /* Colors */;
			targetProxy = 500E211825E6D744005F3C79 /* PBXContainerItemProxy */;
		};
/* End PBXTargetDependency section */

/* Begin PBXVariantGroup section */
		500E20FF25E6D73A005F3C79 /* Main.storyboard */ = {
			isa = PBXVariantGroup;
			children = (
				500E210025E6D73A005F3C79 /* Base */,
			);
			name = Main.storyboard;
			sourceTree = "<group>";
		};
		500E210425E6D743005F3C79 /* LaunchScreen.storyboard */ = {
			isa = PBXVariantGroup;
			children = (
				500E210525E6D743005F3C79 /* Base */,
			);
			name = LaunchScreen.storyboard;
			sourceTree = "<group>";
		};
/* End PBXVariantGroup section */

/* Begin XCBuildConfiguration section */
		500E211E25E6D744005F3C79 /* Debug */ = {
			isa = XCBuildConfiguration;
			buildSettings = {
				ALWAYS_SEARCH_USER_PATHS = NO;
				CLANG_ANALYZER_NONNULL = YES;
				CLANG_ANALYZER_NUMBER_OBJECT_CONVERSION = YES_AGGRESSIVE;
				CLANG_CXX_LANGUAGE_STANDARD = "gnu++14";
				CLANG_CXX_LIBRARY = "libc++";
				CLANG_ENABLE_MODULES = YES;
				CLANG_ENABLE_OBJC_ARC = YES;
				CLANG_ENABLE_OBJC_WEAK = YES;
				CLANG_WARN_BLOCK_CAPTURE_AUTORELEASING = YES;
				CLANG_WARN_BOOL_CONVERSION = YES;
				CLANG_WARN_COMMA = YES;
				CLANG_WARN_CONSTANT_CONVERSION = YES;
				CLANG_WARN_DEPRECATED_OBJC_IMPLEMENTATIONS = YES;
				CLANG_WARN_DIRECT_OBJC_ISA_USAGE = YES_ERROR;
				CLANG_WARN_DOCUMENTATION_COMMENTS = YES;
				CLANG_WARN_EMPTY_BODY = YES;
				CLANG_WARN_ENUM_CONVERSION = YES;
				CLANG_WARN_INFINITE_RECURSION = YES;
				CLANG_WARN_INT_CONVERSION = YES;
				CLANG_WARN_NON_LITERAL_NULL_CONVERSION = YES;
				CLANG_WARN_OBJC_IMPLICIT_RETAIN_SELF = YES;
				CLANG_WARN_OBJC_LITERAL_CONVERSION = YES;
				CLANG_WARN_OBJC_ROOT_CLASS = YES_ERROR;
				CLANG_WARN_QUOTED_INCLUDE_IN_FRAMEWORK_HEADER = YES;
				CLANG_WARN_RANGE_LOOP_ANALYSIS = YES;
				CLANG_WARN_STRICT_PROTOTYPES = YES;
				CLANG_WARN_SUSPICIOUS_MOVE = YES;
				CLANG_WARN_UNGUARDED_AVAILABILITY = YES_AGGRESSIVE;
				CLANG_WARN_UNREACHABLE_CODE = YES;
				CLANG_WARN__DUPLICATE_METHOD_MATCH = YES;
				COPY_PHASE_STRIP = NO;
				DEBUG_INFORMATION_FORMAT = dwarf;
				ENABLE_STRICT_OBJC_MSGSEND = YES;
				ENABLE_TESTABILITY = YES;
				GCC_C_LANGUAGE_STANDARD = gnu11;
				GCC_DYNAMIC_NO_PIC = NO;
				GCC_NO_COMMON_BLOCKS = YES;
				GCC_OPTIMIZATION_LEVEL = 0;
				GCC_PREPROCESSOR_DEFINITIONS = (
					"DEBUG=1",
					"$(inherited)",
				);
				GCC_WARN_64_TO_32_BIT_CONVERSION = YES;
				GCC_WARN_ABOUT_RETURN_TYPE = YES_ERROR;
				GCC_WARN_UNDECLARED_SELECTOR = YES;
				GCC_WARN_UNINITIALIZED_AUTOS = YES_AGGRESSIVE;
				GCC_WARN_UNUSED_FUNCTION = YES;
				GCC_WARN_UNUSED_VARIABLE = YES;
				IPHONEOS_DEPLOYMENT_TARGET = 14.4;
				MTL_ENABLE_DEBUG_INFO = INCLUDE_SOURCE;
				MTL_FAST_MATH = YES;
				ONLY_ACTIVE_ARCH = YES;
				SDKROOT = iphoneos;
				SWIFT_ACTIVE_COMPILATION_CONDITIONS = DEBUG;
				SWIFT_OPTIMIZATION_LEVEL = "-Onone";
			};
			name = Debug;
		};
		500E211F25E6D744005F3C79 /* Release */ = {
			isa = XCBuildConfiguration;
			buildSettings = {
				ALWAYS_SEARCH_USER_PATHS = NO;
				CLANG_ANALYZER_NONNULL = YES;
				CLANG_ANALYZER_NUMBER_OBJECT_CONVERSION = YES_AGGRESSIVE;
				CLANG_CXX_LANGUAGE_STANDARD = "gnu++14";
				CLANG_CXX_LIBRARY = "libc++";
				CLANG_ENABLE_MODULES = YES;
				CLANG_ENABLE_OBJC_ARC = YES;
				CLANG_ENABLE_OBJC_WEAK = YES;
				CLANG_WARN_BLOCK_CAPTURE_AUTORELEASING = YES;
				CLANG_WARN_BOOL_CONVERSION = YES;
				CLANG_WARN_COMMA = YES;
				CLANG_WARN_CONSTANT_CONVERSION = YES;
				CLANG_WARN_DEPRECATED_OBJC_IMPLEMENTATIONS = YES;
				CLANG_WARN_DIRECT_OBJC_ISA_USAGE = YES_ERROR;
				CLANG_WARN_DOCUMENTATION_COMMENTS = YES;
				CLANG_WARN_EMPTY_BODY = YES;
				CLANG_WARN_ENUM_CONVERSION = YES;
				CLANG_WARN_INFINITE_RECURSION = YES;
				CLANG_WARN_INT_CONVERSION = YES;
				CLANG_WARN_NON_LITERAL_NULL_CONVERSION = YES;
				CLANG_WARN_OBJC_IMPLICIT_RETAIN_SELF = YES;
				CLANG_WARN_OBJC_LITERAL_CONVERSION = YES;
				CLANG_WARN_OBJC_ROOT_CLASS = YES_ERROR;
				CLANG_WARN_QUOTED_INCLUDE_IN_FRAMEWORK_HEADER = YES;
				CLANG_WARN_RANGE_LOOP_ANALYSIS = YES;
				CLANG_WARN_STRICT_PROTOTYPES = YES;
				CLANG_WARN_SUSPICIOUS_MOVE = YES;
				CLANG_WARN_UNGUARDED_AVAILABILITY = YES_AGGRESSIVE;
				CLANG_WARN_UNREACHABLE_CODE = YES;
				CLANG_WARN__DUPLICATE_METHOD_MATCH = YES;
				COPY_PHASE_STRIP = NO;
				DEBUG_INFORMATION_FORMAT = "dwarf-with-dsym";
				ENABLE_NS_ASSERTIONS = NO;
				ENABLE_STRICT_OBJC_MSGSEND = YES;
				GCC_C_LANGUAGE_STANDARD = gnu11;
				GCC_NO_COMMON_BLOCKS = YES;
				GCC_WARN_64_TO_32_BIT_CONVERSION = YES;
				GCC_WARN_ABOUT_RETURN_TYPE = YES_ERROR;
				GCC_WARN_UNDECLARED_SELECTOR = YES;
				GCC_WARN_UNINITIALIZED_AUTOS = YES_AGGRESSIVE;
				GCC_WARN_UNUSED_FUNCTION = YES;
				GCC_WARN_UNUSED_VARIABLE = YES;
				IPHONEOS_DEPLOYMENT_TARGET = 14.4;
				MTL_ENABLE_DEBUG_INFO = NO;
				MTL_FAST_MATH = YES;
				SDKROOT = iphoneos;
				SWIFT_COMPILATION_MODE = wholemodule;
				SWIFT_OPTIMIZATION_LEVEL = "-O";
				VALIDATE_PRODUCT = YES;
			};
			name = Release;
		};
		500E212125E6D744005F3C79 /* Debug */ = {
			isa = XCBuildConfiguration;
			buildSettings = {
				ASSETCATALOG_COMPILER_APPICON_NAME = AppIcon;
				ASSETCATALOG_COMPILER_GLOBAL_ACCENT_COLOR_NAME = AccentColor;
				CODE_SIGN_STYLE = Automatic;
				INFOPLIST_FILE = Colors/Info.plist;
				LD_RUNPATH_SEARCH_PATHS = (
					"$(inherited)",
					"@executable_path/Frameworks",
				);
				PRODUCT_BUNDLE_IDENTIFIER = "IT-4405.Colors";
				PRODUCT_NAME = "$(TARGET_NAME)";
				SWIFT_VERSION = 5.0;
				TARGETED_DEVICE_FAMILY = "1,2";
			};
			name = Debug;
		};
		500E212225E6D744005F3C79 /* Release */ = {
			isa = XCBuildConfiguration;
			buildSettings = {
				ASSETCATALOG_COMPILER_APPICON_NAME = AppIcon;
				ASSETCATALOG_COMPILER_GLOBAL_ACCENT_COLOR_NAME = AccentColor;
				CODE_SIGN_STYLE = Automatic;
				INFOPLIST_FILE = Colors/Info.plist;
				LD_RUNPATH_SEARCH_PATHS = (
					"$(inherited)",
					"@executable_path/Frameworks",
				);
				PRODUCT_BUNDLE_IDENTIFIER = "IT-4405.Colors";
				PRODUCT_NAME = "$(TARGET_NAME)";
				SWIFT_VERSION = 5.0;
				TARGETED_DEVICE_FAMILY = "1,2";
			};
			name = Release;
		};
		500E212425E6D744005F3C79 /* Debug */ = {
			isa = XCBuildConfiguration;
			buildSettings = {
				ALWAYS_EMBED_SWIFT_STANDARD_LIBRARIES = YES;
				BUNDLE_LOADER = "$(TEST_HOST)";
				CODE_SIGN_STYLE = Automatic;
				INFOPLIST_FILE = ColorsTests/Info.plist;
				IPHONEOS_DEPLOYMENT_TARGET = 14.4;
				LD_RUNPATH_SEARCH_PATHS = (
					"$(inherited)",
					"@executable_path/Frameworks",
					"@loader_path/Frameworks",
				);
				PRODUCT_BUNDLE_IDENTIFIER = "IT-4405.ColorsTests";
				PRODUCT_NAME = "$(TARGET_NAME)";
				SWIFT_VERSION = 5.0;
				TARGETED_DEVICE_FAMILY = "1,2";
				TEST_HOST = "$(BUILT_PRODUCTS_DIR)/Colors.app/Colors";
			};
			name = Debug;
		};
		500E212525E6D744005F3C79 /* Release */ = {
			isa = XCBuildConfiguration;
			buildSettings = {
				ALWAYS_EMBED_SWIFT_STANDARD_LIBRARIES = YES;
				BUNDLE_LOADER = "$(TEST_HOST)";
				CODE_SIGN_STYLE = Automatic;
				INFOPLIST_FILE = ColorsTests/Info.plist;
				IPHONEOS_DEPLOYMENT_TARGET = 14.4;
				LD_RUNPATH_SEARCH_PATHS = (
					"$(inherited)",
					"@executable_path/Frameworks",
					"@loader_path/Frameworks",
				);
				PRODUCT_BUNDLE_IDENTIFIER = "IT-4405.ColorsTests";
				PRODUCT_NAME = "$(TARGET_NAME)";
				SWIFT_VERSION = 5.0;
				TARGETED_DEVICE_FAMILY = "1,2";
				TEST_HOST = "$(BUILT_PRODUCTS_DIR)/Colors.app/Colors";
			};
			name = Release;
		};
		500E212725E6D744005F3C79 /* Debug */ = {
			isa = XCBuildConfiguration;
			buildSettings = {
				ALWAYS_EMBED_SWIFT_STANDARD_LIBRARIES = YES;
				CODE_SIGN_STYLE = Automatic;
				INFOPLIST_FILE = ColorsUITests/Info.plist;
				LD_RUNPATH_SEARCH_PATHS = (
					"$(inherited)",
					"@executable_path/Frameworks",
					"@loader_path/Frameworks",
				);
				PRODUCT_BUNDLE_IDENTIFIER = "IT-4405.ColorsUITests";
				PRODUCT_NAME = "$(TARGET_NAME)";
				SWIFT_VERSION = 5.0;
				TARGETED_DEVICE_FAMILY = "1,2";
				TEST_TARGET_NAME = Colors;
			};
			name = Debug;
		};
		500E212825E6D744005F3C79 /* Release */ = {
			isa = XCBuildConfiguration;
			buildSettings = {
				ALWAYS_EMBED_SWIFT_STANDARD_LIBRARIES = YES;
				CODE_SIGN_STYLE = Automatic;
				INFOPLIST_FILE = ColorsUITests/Info.plist;
				LD_RUNPATH_SEARCH_PATHS = (
					"$(inherited)",
					"@executable_path/Frameworks",
					"@loader_path/Frameworks",
				);
				PRODUCT_BUNDLE_IDENTIFIER = "IT-4405.ColorsUITests";
				PRODUCT_NAME = "$(TARGET_NAME)";
				SWIFT_VERSION = 5.0;
				TARGETED_DEVICE_FAMILY = "1,2";
				TEST_TARGET_NAME = Colors;
			};
			name = Release;
		};
/* End XCBuildConfiguration section */

/* Begin XCConfigurationList section */
		500E20F125E6D73A005F3C79 /* Build configuration list for PBXProject "Colors" */ = {
			isa = XCConfigurationList;
			buildConfigurations = (
				500E211E25E6D744005F3C79 /* Debug */,
				500E211F25E6D744005F3C79 /* Release */,
			);
			defaultConfigurationIsVisible = 0;
			defaultConfigurationName = Release;
		};
		500E212025E6D744005F3C79 /* Build configuration list for PBXNativeTarget "Colors" */ = {
			isa = XCConfigurationList;
			buildConfigurations = (
				500E212125E6D744005F3C79 /* Debug */,
				500E212225E6D744005F3C79 /* Release */,
			);
			defaultConfigurationIsVisible = 0;
			defaultConfigurationName = Release;
		};
		500E212325E6D744005F3C79 /* Build configuration list for PBXNativeTarget "ColorsTests" */ = {
			isa = XCConfigurationList;
			buildConfigurations = (
				500E212425E6D744005F3C79 /* Debug */,
				500E212525E6D744005F3C79 /* Release */,
			);
			defaultConfigurationIsVisible = 0;
			defaultConfigurationName = Release;
		};
		500E212625E6D744005F3C79 /* Build configuration list for PBXNativeTarget "ColorsUITests" */ = {
			isa = XCConfigurationList;
			buildConfigurations = (
				500E212725E6D744005F3C79 /* Debug */,
				500E212825E6D744005F3C79 /* Release */,
			);
			defaultConfigurationIsVisible = 0;
			defaultConfigurationName = Release;
		};
/* End XCConfigurationList section */
	};
	rootObject = 500E20EE25E6D73A005F3C79 /* Project object */;
}
